
Microsoft Visual Studio Solution File, Format Version 12.00
# Visual Studio Version 17
VisualStudioVersion = 17.11.35303.130
MinimumVisualStudioVersion = 10.0.40219.1
Project("{FAE04EC0-301F-11D3-BF4B-00C04F79EFBC}") = "Sistema de Nomina", "Sistema de Nomina.csproj", "{D0DA5642-0901-43A5-8528-E3D3EEF8928A}"
EndProject
Global
	GlobalSection(SolutionConfigurationPlatforms) = preSolution
		Debug|Any CPU = Debug|Any CPU
		Release|Any CPU = Release|Any CPU
	EndGlobalSection
	GlobalSection(ProjectConfigurationPlatforms) = postSolution
		{D0DA5642-0901-43A5-8528-E3D3EEF8928A}.Debug|Any CPU.ActiveCfg = Debug|Any CPU
		{D0DA5642-0901-43A5-8528-E3D3EEF8928A}.Debug|Any CPU.Build.0 = Debug|Any CPU
		{D0DA5642-0901-43A5-8528-E3D3EEF8928A}.Release|Any CPU.ActiveCfg = Release|Any CPU
		{D0DA5642-0901-43A5-8528-E3D3EEF8928A}.Release|Any CPU.Build.0 = Release|Any CPU
	EndGlobalSection
	GlobalSection(SolutionProperties) = preSolution
		HideSolutionNode = FALSE
	EndGlobalSection
	GlobalSection(ExtensibilityGlobals) = postSolution
		SolutionGuid = {C1BC2A5A-C88F-4CE7-B595-140429D52C4A}
	EndGlobalSection
EndGlobal
